// !$*UTF8*$!
{
	archiveVersion = 1;
	classes = {
	};
	objectVersion = 56;
	objects = {

/* Begin PBXBuildFile section */
		C8D0B9232AB8D0CA00B64239 /* AppDelegate.swift in Sources */ = {isa = PBXBuildFile; fileRef = C8D0B9222AB8D0CA00B64239 /* AppDelegate.swift */; };
		C8D0B9252AB8D0CA00B64239 /* SceneDelegate.swift in Sources */ = {isa = PBXBuildFile; fileRef = C8D0B9242AB8D0CA00B64239 /* SceneDelegate.swift */; };
		C8D0B9272AB8D0CA00B64239 /* ViewController.swift in Sources */ = {isa = PBXBuildFile; fileRef = C8D0B9262AB8D0CA00B64239 /* ViewController.swift */; };
		C8D0B92A2AB8D0CA00B64239 /* Main.storyboard in Resources */ = {isa = PBXBuildFile; fileRef = C8D0B9282AB8D0CA00B64239 /* Main.storyboard */; };
		C8D0B92C2AB8D0CE00B64239 /* Assets.xcassets in Resources */ = {isa = PBXBuildFile; fileRef = C8D0B92B2AB8D0CE00B64239 /* Assets.xcassets */; };
		C8D0B92F2AB8D0CE00B64239 /* LaunchScreen.storyboard in Resources */ = {isa = PBXBuildFile; fileRef = C8D0B92D2AB8D0CE00B64239 /* LaunchScreen.storyboard */; };
		C8D0B93C2AB8D16C00B64239 /* CoinsListPresenter.swift in Sources */ = {isa = PBXBuildFile; fileRef = C8D0B9362AB8D16C00B64239 /* CoinsListPresenter.swift */; };
		C8D0B93D2AB8D16C00B64239 /* CoinsListWorker.swift in Sources */ = {isa = PBXBuildFile; fileRef = C8D0B9372AB8D16C00B64239 /* CoinsListWorker.swift */; };
		C8D0B93E2AB8D16C00B64239 /* CoinsListRouter.swift in Sources */ = {isa = PBXBuildFile; fileRef = C8D0B9382AB8D16C00B64239 /* CoinsListRouter.swift */; };
		C8D0B93F2AB8D16C00B64239 /* CoinsListModels.swift in Sources */ = {isa = PBXBuildFile; fileRef = C8D0B9392AB8D16C00B64239 /* CoinsListModels.swift */; };
		C8D0B9402AB8D16C00B64239 /* CoinsListViewController.swift in Sources */ = {isa = PBXBuildFile; fileRef = C8D0B93A2AB8D16C00B64239 /* CoinsListViewController.swift */; };
		C8D0B9412AB8D16C00B64239 /* CoinsListInteractor.swift in Sources */ = {isa = PBXBuildFile; fileRef = C8D0B93B2AB8D16C00B64239 /* CoinsListInteractor.swift */; };
		C8D0B9482AB8D1EB00B64239 /* GlobalValuesViewCellCollectionViewCell.swift in Sources */ = {isa = PBXBuildFile; fileRef = C8D0B9472AB8D1EB00B64239 /* GlobalValuesViewCellCollectionViewCell.swift */; };
		C8D0B94A2AB8D21E00B64239 /* FilterViewCell.swift in Sources */ = {isa = PBXBuildFile; fileRef = C8D0B9492AB8D21E00B64239 /* FilterViewCell.swift */; };
		C8D0B94C2AB8D26500B64239 /* FiltersView.swift in Sources */ = {isa = PBXBuildFile; fileRef = C8D0B94B2AB8D26500B64239 /* FiltersView.swift */; };
		C8D0B94E2AB8D28700B64239 /* FiltersUtils.swift in Sources */ = {isa = PBXBuildFile; fileRef = C8D0B94D2AB8D28700B64239 /* FiltersUtils.swift */; };
		C8D0B9502AB8D2AA00B64239 /* CryptoCurrenciesError.swift in Sources */ = {isa = PBXBuildFile; fileRef = C8D0B94F2AB8D2AA00B64239 /* CryptoCurrenciesError.swift */; };
		C8D0B9522AB8D2EC00B64239 /* Extensions.swift in Sources */ = {isa = PBXBuildFile; fileRef = C8D0B9512AB8D2EC00B64239 /* Extensions.swift */; };
		C8D0B9542AB8D31400B64239 /* CoinHeaderView.swift in Sources */ = {isa = PBXBuildFile; fileRef = C8D0B9532AB8D31400B64239 /* CoinHeaderView.swift */; };
		C8D0B9572AB8D35300B64239 /* GlobalValuesDataProvider.swift in Sources */ = {isa = PBXBuildFile; fileRef = C8D0B9562AB8D35300B64239 /* GlobalValuesDataProvider.swift */; };
		C8D0B95A2AB8D37B00B64239 /* ListCoinsDataProvider.swift in Sources */ = {isa = PBXBuildFile; fileRef = C8D0B9592AB8D37B00B64239 /* ListCoinsDataProvider.swift */; };
		C8D0B95D2AB8D3B900B64239 /* GenericDataProvider.swift in Sources */ = {isa = PBXBuildFile; fileRef = C8D0B95C2AB8D3B900B64239 /* GenericDataProvider.swift */; };
		C8D0B9602AB8D3F900B64239 /* CoinModel.swift in Sources */ = {isa = PBXBuildFile; fileRef = C8D0B95F2AB8D3F900B64239 /* CoinModel.swift */; };
		C8D0B9622AB8D40D00B64239 /* CurrentDataModel.swift in Sources */ = {isa = PBXBuildFile; fileRef = C8D0B9612AB8D40D00B64239 /* CurrentDataModel.swift */; };
		C8D0B9642AB8D42300B64239 /* MarketChartModel.swift in Sources */ = {isa = PBXBuildFile; fileRef = C8D0B9632AB8D42300B64239 /* MarketChartModel.swift */; };
		C8D0B9662AB8D43700B64239 /* GraphicDataModel.swift in Sources */ = {isa = PBXBuildFile; fileRef = C8D0B9652AB8D43700B64239 /* GraphicDataModel.swift */; };
		C8D0B9682AB8D44900B64239 /* GlobalModel.swift in Sources */ = {isa = PBXBuildFile; fileRef = C8D0B9672AB8D44900B64239 /* GlobalModel.swift */; };
		C8D0B96A2AB8D4B300B64239 /* GlobalValuesWorker.swift in Sources */ = {isa = PBXBuildFile; fileRef = C8D0B9692AB8D4B200B64239 /* GlobalValuesWorker.swift */; };
		C8D0B96C2AB91A6100B64239 /* CoinViewCell.swift in Sources */ = {isa = PBXBuildFile; fileRef = C8D0B96B2AB91A6100B64239 /* CoinViewCell.swift */; };
		C8D0B96F2AB91E9600B64239 /* API.swift in Sources */ = {isa = PBXBuildFile; fileRef = C8D0B96E2AB91E9600B64239 /* API.swift */; };
		C8D0B9712AB91EB100B64239 /* GenericStore.swift in Sources */ = {isa = PBXBuildFile; fileRef = C8D0B9702AB91EB100B64239 /* GenericStore.swift */; };
		C8D0B9732AB91EC500B64239 /* CoinStore.swift in Sources */ = {isa = PBXBuildFile; fileRef = C8D0B9722AB91EC500B64239 /* CoinStore.swift */; };
		C8D0B9752AB91EDF00B64239 /* GlobalStore.swift in Sources */ = {isa = PBXBuildFile; fileRef = C8D0B9742AB91EDF00B64239 /* GlobalStore.swift */; };
		C8D0B9782AB91F0200B64239 /* CoinsRouter.swift in Sources */ = {isa = PBXBuildFile; fileRef = C8D0B9772AB91F0200B64239 /* CoinsRouter.swift */; };
		C8D0B97A2AB91F1600B64239 /* GlobalRouter.swift in Sources */ = {isa = PBXBuildFile; fileRef = C8D0B9792AB91F1600B64239 /* GlobalRouter.swift */; };
/* End PBXBuildFile section */

/* Begin PBXFileReference section */
		C8D0B91F2AB8D0CA00B64239 /* MarketCryptoCoins.app */ = {isa = PBXFileReference; explicitFileType = wrapper.application; includeInIndex = 0; path = MarketCryptoCoins.app; sourceTree = BUILT_PRODUCTS_DIR; };
		C8D0B9222AB8D0CA00B64239 /* AppDelegate.swift */ = {isa = PBXFileReference; lastKnownFileType = sourcecode.swift; path = AppDelegate.swift; sourceTree = "<group>"; };
		C8D0B9242AB8D0CA00B64239 /* SceneDelegate.swift */ = {isa = PBXFileReference; lastKnownFileType = sourcecode.swift; path = SceneDelegate.swift; sourceTree = "<group>"; };
		C8D0B9262AB8D0CA00B64239 /* ViewController.swift */ = {isa = PBXFileReference; lastKnownFileType = sourcecode.swift; path = ViewController.swift; sourceTree = "<group>"; };
		C8D0B9292AB8D0CA00B64239 /* Base */ = {isa = PBXFileReference; lastKnownFileType = file.storyboard; name = Base; path = Base.lproj/Main.storyboard; sourceTree = "<group>"; };
		C8D0B92B2AB8D0CE00B64239 /* Assets.xcassets */ = {isa = PBXFileReference; lastKnownFileType = folder.assetcatalog; path = Assets.xcassets; sourceTree = "<group>"; };
		C8D0B92E2AB8D0CE00B64239 /* Base */ = {isa = PBXFileReference; lastKnownFileType = file.storyboard; name = Base; path = Base.lproj/LaunchScreen.storyboard; sourceTree = "<group>"; };
		C8D0B9302AB8D0CE00B64239 /* Info.plist */ = {isa = PBXFileReference; lastKnownFileType = text.plist.xml; path = Info.plist; sourceTree = "<group>"; };
		C8D0B9362AB8D16C00B64239 /* CoinsListPresenter.swift */ = {isa = PBXFileReference; lastKnownFileType = sourcecode.swift; path = CoinsListPresenter.swift; sourceTree = "<group>"; };
		C8D0B9372AB8D16C00B64239 /* CoinsListWorker.swift */ = {isa = PBXFileReference; lastKnownFileType = sourcecode.swift; path = CoinsListWorker.swift; sourceTree = "<group>"; };
		C8D0B9382AB8D16C00B64239 /* CoinsListRouter.swift */ = {isa = PBXFileReference; lastKnownFileType = sourcecode.swift; path = CoinsListRouter.swift; sourceTree = "<group>"; };
		C8D0B9392AB8D16C00B64239 /* CoinsListModels.swift */ = {isa = PBXFileReference; lastKnownFileType = sourcecode.swift; path = CoinsListModels.swift; sourceTree = "<group>"; };
		C8D0B93A2AB8D16C00B64239 /* CoinsListViewController.swift */ = {isa = PBXFileReference; lastKnownFileType = sourcecode.swift; path = CoinsListViewController.swift; sourceTree = "<group>"; };
		C8D0B93B2AB8D16C00B64239 /* CoinsListInteractor.swift */ = {isa = PBXFileReference; lastKnownFileType = sourcecode.swift; path = CoinsListInteractor.swift; sourceTree = "<group>"; };
		C8D0B9472AB8D1EB00B64239 /* GlobalValuesViewCellCollectionViewCell.swift */ = {isa = PBXFileReference; lastKnownFileType = sourcecode.swift; path = GlobalValuesViewCellCollectionViewCell.swift; sourceTree = "<group>"; };
		C8D0B9492AB8D21E00B64239 /* FilterViewCell.swift */ = {isa = PBXFileReference; lastKnownFileType = sourcecode.swift; path = FilterViewCell.swift; sourceTree = "<group>"; };
		C8D0B94B2AB8D26500B64239 /* FiltersView.swift */ = {isa = PBXFileReference; lastKnownFileType = sourcecode.swift; path = FiltersView.swift; sourceTree = "<group>"; };
		C8D0B94D2AB8D28700B64239 /* FiltersUtils.swift */ = {isa = PBXFileReference; lastKnownFileType = sourcecode.swift; path = FiltersUtils.swift; sourceTree = "<group>"; };
		C8D0B94F2AB8D2AA00B64239 /* CryptoCurrenciesError.swift */ = {isa = PBXFileReference; lastKnownFileType = sourcecode.swift; path = CryptoCurrenciesError.swift; sourceTree = "<group>"; };
		C8D0B9512AB8D2EC00B64239 /* Extensions.swift */ = {isa = PBXFileReference; lastKnownFileType = sourcecode.swift; path = Extensions.swift; sourceTree = "<group>"; };
		C8D0B9532AB8D31400B64239 /* CoinHeaderView.swift */ = {isa = PBXFileReference; lastKnownFileType = sourcecode.swift; path = CoinHeaderView.swift; sourceTree = "<group>"; };
		C8D0B9562AB8D35300B64239 /* GlobalValuesDataProvider.swift */ = {isa = PBXFileReference; lastKnownFileType = sourcecode.swift; path = GlobalValuesDataProvider.swift; sourceTree = "<group>"; };
		C8D0B9592AB8D37B00B64239 /* ListCoinsDataProvider.swift */ = {isa = PBXFileReference; lastKnownFileType = sourcecode.swift; path = ListCoinsDataProvider.swift; sourceTree = "<group>"; };
		C8D0B95C2AB8D3B900B64239 /* GenericDataProvider.swift */ = {isa = PBXFileReference; lastKnownFileType = sourcecode.swift; path = GenericDataProvider.swift; sourceTree = "<group>"; };
		C8D0B95F2AB8D3F900B64239 /* CoinModel.swift */ = {isa = PBXFileReference; lastKnownFileType = sourcecode.swift; path = CoinModel.swift; sourceTree = "<group>"; };
		C8D0B9612AB8D40D00B64239 /* CurrentDataModel.swift */ = {isa = PBXFileReference; lastKnownFileType = sourcecode.swift; path = CurrentDataModel.swift; sourceTree = "<group>"; };
		C8D0B9632AB8D42300B64239 /* MarketChartModel.swift */ = {isa = PBXFileReference; lastKnownFileType = sourcecode.swift; path = MarketChartModel.swift; sourceTree = "<group>"; };
		C8D0B9652AB8D43700B64239 /* GraphicDataModel.swift */ = {isa = PBXFileReference; lastKnownFileType = sourcecode.swift; path = GraphicDataModel.swift; sourceTree = "<group>"; };
		C8D0B9672AB8D44900B64239 /* GlobalModel.swift */ = {isa = PBXFileReference; lastKnownFileType = sourcecode.swift; path = GlobalModel.swift; sourceTree = "<group>"; };
		C8D0B9692AB8D4B200B64239 /* GlobalValuesWorker.swift */ = {isa = PBXFileReference; lastKnownFileType = sourcecode.swift; path = GlobalValuesWorker.swift; sourceTree = "<group>"; };
		C8D0B96B2AB91A6100B64239 /* CoinViewCell.swift */ = {isa = PBXFileReference; lastKnownFileType = sourcecode.swift; path = CoinViewCell.swift; sourceTree = "<group>"; };
		C8D0B96E2AB91E9600B64239 /* API.swift */ = {isa = PBXFileReference; lastKnownFileType = sourcecode.swift; path = API.swift; sourceTree = "<group>"; };
		C8D0B9702AB91EB100B64239 /* GenericStore.swift */ = {isa = PBXFileReference; lastKnownFileType = sourcecode.swift; path = GenericStore.swift; sourceTree = "<group>"; };
		C8D0B9722AB91EC500B64239 /* CoinStore.swift */ = {isa = PBXFileReference; lastKnownFileType = sourcecode.swift; path = CoinStore.swift; sourceTree = "<group>"; };
		C8D0B9742AB91EDF00B64239 /* GlobalStore.swift */ = {isa = PBXFileReference; lastKnownFileType = sourcecode.swift; path = GlobalStore.swift; sourceTree = "<group>"; };
		C8D0B9772AB91F0200B64239 /* CoinsRouter.swift */ = {isa = PBXFileReference; lastKnownFileType = sourcecode.swift; path = CoinsRouter.swift; sourceTree = "<group>"; };
		C8D0B9792AB91F1600B64239 /* GlobalRouter.swift */ = {isa = PBXFileReference; lastKnownFileType = sourcecode.swift; path = GlobalRouter.swift; sourceTree = "<group>"; };
/* End PBXFileReference section */

/* Begin PBXFrameworksBuildPhase section */
		C8D0B91C2AB8D0CA00B64239 /* Frameworks */ = {
			isa = PBXFrameworksBuildPhase;
			buildActionMask = 2147483647;
			files = (
			);
			runOnlyForDeploymentPostprocessing = 0;
		};
/* End PBXFrameworksBuildPhase section */

/* Begin PBXGroup section */
		C8D0B9162AB8D0CA00B64239 = {
			isa = PBXGroup;
			children = (
				C8D0B9432AB8D18900B64239 /* Domain */,
				C8D0B9212AB8D0CA00B64239 /* MarketCryptoCoins */,
				C8D0B9202AB8D0CA00B64239 /* Products */,
			);
			sourceTree = "<group>";
		};
		C8D0B9202AB8D0CA00B64239 /* Products */ = {
			isa = PBXGroup;
			children = (
				C8D0B91F2AB8D0CA00B64239 /* MarketCryptoCoins.app */,
			);
			name = Products;
			sourceTree = "<group>";
		};
		C8D0B9212AB8D0CA00B64239 /* MarketCryptoCoins */ = {
			isa = PBXGroup;
			children = (
				C8D0B9222AB8D0CA00B64239 /* AppDelegate.swift */,
				C8D0B9242AB8D0CA00B64239 /* SceneDelegate.swift */,
				C8D0B9262AB8D0CA00B64239 /* ViewController.swift */,
				C8D0B9282AB8D0CA00B64239 /* Main.storyboard */,
				C8D0B92B2AB8D0CE00B64239 /* Assets.xcassets */,
				C8D0B92D2AB8D0CE00B64239 /* LaunchScreen.storyboard */,
				C8D0B9302AB8D0CE00B64239 /* Info.plist */,
				C8D0B94B2AB8D26500B64239 /* FiltersView.swift */,
				C8D0B94D2AB8D28700B64239 /* FiltersUtils.swift */,
				C8D0B94F2AB8D2AA00B64239 /* CryptoCurrenciesError.swift */,
				C8D0B9512AB8D2EC00B64239 /* Extensions.swift */,
			);
			path = MarketCryptoCoins;
			sourceTree = "<group>";
		};
		C8D0B9422AB8D17D00B64239 /* DataProvider */ = {
			isa = PBXGroup;
			children = (
				C8D0B95B2AB8D3A200B64239 /* NetworkRepository */,
				C8D0B9582AB8D36500B64239 /* CoinsDataProvider */,
				C8D0B9552AB8D33E00B64239 /* GlobalDataProvider */,
			);
			path = DataProvider;
			sourceTree = "<group>";
		};
		C8D0B9432AB8D18900B64239 /* Domain */ = {
			isa = PBXGroup;
			children = (
				C8D0B95E2AB8D3E100B64239 /* Models */,
				C8D0B9422AB8D17D00B64239 /* DataProvider */,
				C8D0B9442AB8D19300B64239 /* Scenes */,
			);
			path = Domain;
			sourceTree = "<group>";
		};
		C8D0B9442AB8D19300B64239 /* Scenes */ = {
			isa = PBXGroup;
			children = (
				C8D0B9452AB8D19C00B64239 /* CoinsList */,
			);
			path = Scenes;
			sourceTree = "<group>";
		};
		C8D0B9452AB8D19C00B64239 /* CoinsList */ = {
			isa = PBXGroup;
			children = (
				C8D0B9462AB8D1AE00B64239 /* Components */,
				C8D0B9362AB8D16C00B64239 /* CoinsListPresenter.swift */,
				C8D0B9372AB8D16C00B64239 /* CoinsListWorker.swift */,
				C8D0B9382AB8D16C00B64239 /* CoinsListRouter.swift */,
				C8D0B9392AB8D16C00B64239 /* CoinsListModels.swift */,
				C8D0B93A2AB8D16C00B64239 /* CoinsListViewController.swift */,
				C8D0B93B2AB8D16C00B64239 /* CoinsListInteractor.swift */,
				C8D0B9692AB8D4B200B64239 /* GlobalValuesWorker.swift */,
			);
			path = CoinsList;
			sourceTree = "<group>";
		};
		C8D0B9462AB8D1AE00B64239 /* Components */ = {
			isa = PBXGroup;
			children = (
				C8D0B9472AB8D1EB00B64239 /* GlobalValuesViewCellCollectionViewCell.swift */,
				C8D0B9492AB8D21E00B64239 /* FilterViewCell.swift */,
				C8D0B9532AB8D31400B64239 /* CoinHeaderView.swift */,
				C8D0B96B2AB91A6100B64239 /* CoinViewCell.swift */,
			);
			path = Components;
			sourceTree = "<group>";
		};
		C8D0B9552AB8D33E00B64239 /* GlobalDataProvider */ = {
			isa = PBXGroup;
			children = (
				C8D0B9562AB8D35300B64239 /* GlobalValuesDataProvider.swift */,
			);
			path = GlobalDataProvider;
			sourceTree = "<group>";
		};
		C8D0B9582AB8D36500B64239 /* CoinsDataProvider */ = {
			isa = PBXGroup;
			children = (
				C8D0B9592AB8D37B00B64239 /* ListCoinsDataProvider.swift */,
			);
			path = CoinsDataProvider;
			sourceTree = "<group>";
		};
		C8D0B95B2AB8D3A200B64239 /* NetworkRepository */ = {
			isa = PBXGroup;
			children = (
				C8D0B9762AB91EF500B64239 /* Router */,
				C8D0B96D2AB91E8800B64239 /* Store */,
				C8D0B95C2AB8D3B900B64239 /* GenericDataProvider.swift */,
			);
			path = NetworkRepository;
			sourceTree = "<group>";
		};
		C8D0B95E2AB8D3E100B64239 /* Models */ = {
			isa = PBXGroup;
			children = (
				C8D0B95F2AB8D3F900B64239 /* CoinModel.swift */,
				C8D0B9612AB8D40D00B64239 /* CurrentDataModel.swift */,
				C8D0B9632AB8D42300B64239 /* MarketChartModel.swift */,
				C8D0B9652AB8D43700B64239 /* GraphicDataModel.swift */,
				C8D0B9672AB8D44900B64239 /* GlobalModel.swift */,
			);
			path = Models;
			sourceTree = "<group>";
		};
		C8D0B96D2AB91E8800B64239 /* Store */ = {
			isa = PBXGroup;
			children = (
				C8D0B96E2AB91E9600B64239 /* API.swift */,
				C8D0B9702AB91EB100B64239 /* GenericStore.swift */,
				C8D0B9722AB91EC500B64239 /* CoinStore.swift */,
				C8D0B9742AB91EDF00B64239 /* GlobalStore.swift */,
			);
			path = Store;
			sourceTree = "<group>";
		};
		C8D0B9762AB91EF500B64239 /* Router */ = {
			isa = PBXGroup;
			children = (
				C8D0B9772AB91F0200B64239 /* CoinsRouter.swift */,
				C8D0B9792AB91F1600B64239 /* GlobalRouter.swift */,
			);
			path = Router;
			sourceTree = "<group>";
		};
/* End PBXGroup section */

/* Begin PBXNativeTarget section */
		C8D0B91E2AB8D0CA00B64239 /* MarketCryptoCoins */ = {
			isa = PBXNativeTarget;
			buildConfigurationList = C8D0B9332AB8D0CE00B64239 /* Build configuration list for PBXNativeTarget "MarketCryptoCoins" */;
			buildPhases = (
				C8D0B91B2AB8D0CA00B64239 /* Sources */,
				C8D0B91C2AB8D0CA00B64239 /* Frameworks */,
				C8D0B91D2AB8D0CA00B64239 /* Resources */,
			);
			buildRules = (
			);
			dependencies = (
			);
			name = MarketCryptoCoins;
			productName = MarketCryptoCoins;
			productReference = C8D0B91F2AB8D0CA00B64239 /* MarketCryptoCoins.app */;
			productType = "com.apple.product-type.application";
		};
/* End PBXNativeTarget section */

/* Begin PBXProject section */
		C8D0B9172AB8D0CA00B64239 /* Project object */ = {
			isa = PBXProject;
			attributes = {
				BuildIndependentTargetsInParallel = 1;
				LastSwiftUpdateCheck = 1420;
				LastUpgradeCheck = 1420;
				TargetAttributes = {
					C8D0B91E2AB8D0CA00B64239 = {
						CreatedOnToolsVersion = 14.2;
					};
				};
			};
			buildConfigurationList = C8D0B91A2AB8D0CA00B64239 /* Build configuration list for PBXProject "MarketCryptoCoins" */;
			compatibilityVersion = "Xcode 14.0";
			developmentRegion = en;
			hasScannedForEncodings = 0;
			knownRegions = (
				en,
				Base,
			);
			mainGroup = C8D0B9162AB8D0CA00B64239;
			productRefGroup = C8D0B9202AB8D0CA00B64239 /* Products */;
			projectDirPath = "";
			projectRoot = "";
			targets = (
				C8D0B91E2AB8D0CA00B64239 /* MarketCryptoCoins */,
			);
		};
/* End PBXProject section */

/* Begin PBXResourcesBuildPhase section */
		C8D0B91D2AB8D0CA00B64239 /* Resources */ = {
			isa = PBXResourcesBuildPhase;
			buildActionMask = 2147483647;
			files = (
				C8D0B92F2AB8D0CE00B64239 /* LaunchScreen.storyboard in Resources */,
				C8D0B92C2AB8D0CE00B64239 /* Assets.xcassets in Resources */,
				C8D0B92A2AB8D0CA00B64239 /* Main.storyboard in Resources */,
			);
			runOnlyForDeploymentPostprocessing = 0;
		};
/* End PBXResourcesBuildPhase section */

/* Begin PBXSourcesBuildPhase section */
		C8D0B91B2AB8D0CA00B64239 /* Sources */ = {
			isa = PBXSourcesBuildPhase;
			buildActionMask = 2147483647;
			files = (
				C8D0B9602AB8D3F900B64239 /* CoinModel.swift in Sources */,
				C8D0B9482AB8D1EB00B64239 /* GlobalValuesViewCellCollectionViewCell.swift in Sources */,
				C8D0B9272AB8D0CA00B64239 /* ViewController.swift in Sources */,
				C8D0B93F2AB8D16C00B64239 /* CoinsListModels.swift in Sources */,
				C8D0B93E2AB8D16C00B64239 /* CoinsListRouter.swift in Sources */,
				C8D0B94C2AB8D26500B64239 /* FiltersView.swift in Sources */,
				C8D0B93D2AB8D16C00B64239 /* CoinsListWorker.swift in Sources */,
				C8D0B96F2AB91E9600B64239 /* API.swift in Sources */,
				C8D0B9232AB8D0CA00B64239 /* AppDelegate.swift in Sources */,
				C8D0B9252AB8D0CA00B64239 /* SceneDelegate.swift in Sources */,
				C8D0B95A2AB8D37B00B64239 /* ListCoinsDataProvider.swift in Sources */,
				C8D0B9712AB91EB100B64239 /* GenericStore.swift in Sources */,
				C8D0B9412AB8D16C00B64239 /* CoinsListInteractor.swift in Sources */,
				C8D0B93C2AB8D16C00B64239 /* CoinsListPresenter.swift in Sources */,
				C8D0B9752AB91EDF00B64239 /* GlobalStore.swift in Sources */,
				C8D0B9522AB8D2EC00B64239 /* Extensions.swift in Sources */,
				C8D0B9782AB91F0200B64239 /* CoinsRouter.swift in Sources */,
				C8D0B9622AB8D40D00B64239 /* CurrentDataModel.swift in Sources */,
				C8D0B9732AB91EC500B64239 /* CoinStore.swift in Sources */,
				C8D0B9682AB8D44900B64239 /* GlobalModel.swift in Sources */,
				C8D0B9402AB8D16C00B64239 /* CoinsListViewController.swift in Sources */,
				C8D0B96A2AB8D4B300B64239 /* GlobalValuesWorker.swift in Sources */,
				C8D0B9572AB8D35300B64239 /* GlobalValuesDataProvider.swift in Sources */,
				C8D0B95D2AB8D3B900B64239 /* GenericDataProvider.swift in Sources */,
				C8D0B9542AB8D31400B64239 /* CoinHeaderView.swift in Sources */,
				C8D0B9662AB8D43700B64239 /* GraphicDataModel.swift in Sources */,
				C8D0B9642AB8D42300B64239 /* MarketChartModel.swift in Sources */,
				C8D0B94A2AB8D21E00B64239 /* FilterViewCell.swift in Sources */,
				C8D0B9502AB8D2AA00B64239 /* CryptoCurrenciesError.swift in Sources */,
				C8D0B94E2AB8D28700B64239 /* FiltersUtils.swift in Sources */,
				C8D0B96C2AB91A6100B64239 /* CoinViewCell.swift in Sources */,
				C8D0B97A2AB91F1600B64239 /* GlobalRouter.swift in Sources */,
			);
			runOnlyForDeploymentPostprocessing = 0;
		};
/* End PBXSourcesBuildPhase section */

/* Begin PBXVariantGroup section */
		C8D0B9282AB8D0CA00B64239 /* Main.storyboard */ = {
			isa = PBXVariantGroup;
			children = (
				C8D0B9292AB8D0CA00B64239 /* Base */,
			);
			name = Main.storyboard;
			sourceTree = "<group>";
		};
		C8D0B92D2AB8D0CE00B64239 /* LaunchScreen.storyboard */ = {
			isa = PBXVariantGroup;
			children = (
				C8D0B92E2AB8D0CE00B64239 /* Base */,
			);
			name = LaunchScreen.storyboard;
			sourceTree = "<group>";
		};
/* End PBXVariantGroup section */

/* Begin XCBuildConfiguration section */
		C8D0B9312AB8D0CE00B64239 /* Debug */ = {
			isa = XCBuildConfiguration;
			buildSettings = {
				ALWAYS_SEARCH_USER_PATHS = NO;
				CLANG_ANALYZER_NONNULL = YES;
				CLANG_ANALYZER_NUMBER_OBJECT_CONVERSION = YES_AGGRESSIVE;
				CLANG_CXX_LANGUAGE_STANDARD = "gnu++20";
				CLANG_ENABLE_MODULES = YES;
				CLANG_ENABLE_OBJC_ARC = YES;
				CLANG_ENABLE_OBJC_WEAK = YES;
				CLANG_WARN_BLOCK_CAPTURE_AUTORELEASING = YES;
				CLANG_WARN_BOOL_CONVERSION = YES;
				CLANG_WARN_COMMA = YES;
				CLANG_WARN_CONSTANT_CONVERSION = YES;
				CLANG_WARN_DEPRECATED_OBJC_IMPLEMENTATIONS = YES;
				CLANG_WARN_DIRECT_OBJC_ISA_USAGE = YES_ERROR;
				CLANG_WARN_DOCUMENTATION_COMMENTS = YES;
				CLANG_WARN_EMPTY_BODY = YES;
				CLANG_WARN_ENUM_CONVERSION = YES;
				CLANG_WARN_INFINITE_RECURSION = YES;
				CLANG_WARN_INT_CONVERSION = YES;
				CLANG_WARN_NON_LITERAL_NULL_CONVERSION = YES;
				CLANG_WARN_OBJC_IMPLICIT_RETAIN_SELF = YES;
				CLANG_WARN_OBJC_LITERAL_CONVERSION = YES;
				CLANG_WARN_OBJC_ROOT_CLASS = YES_ERROR;
				CLANG_WARN_QUOTED_INCLUDE_IN_FRAMEWORK_HEADER = YES;
				CLANG_WARN_RANGE_LOOP_ANALYSIS = YES;
				CLANG_WARN_STRICT_PROTOTYPES = YES;
				CLANG_WARN_SUSPICIOUS_MOVE = YES;
				CLANG_WARN_UNGUARDED_AVAILABILITY = YES_AGGRESSIVE;
				CLANG_WARN_UNREACHABLE_CODE = YES;
				CLANG_WARN__DUPLICATE_METHOD_MATCH = YES;
				COPY_PHASE_STRIP = NO;
				DEBUG_INFORMATION_FORMAT = dwarf;
				ENABLE_STRICT_OBJC_MSGSEND = YES;
				ENABLE_TESTABILITY = YES;
				GCC_C_LANGUAGE_STANDARD = gnu11;
				GCC_DYNAMIC_NO_PIC = NO;
				GCC_NO_COMMON_BLOCKS = YES;
				GCC_OPTIMIZATION_LEVEL = 0;
				GCC_PREPROCESSOR_DEFINITIONS = (
					"DEBUG=1",
					"$(inherited)",
				);
				GCC_WARN_64_TO_32_BIT_CONVERSION = YES;
				GCC_WARN_ABOUT_RETURN_TYPE = YES_ERROR;
				GCC_WARN_UNDECLARED_SELECTOR = YES;
				GCC_WARN_UNINITIALIZED_AUTOS = YES_AGGRESSIVE;
				GCC_WARN_UNUSED_FUNCTION = YES;
				GCC_WARN_UNUSED_VARIABLE = YES;
				IPHONEOS_DEPLOYMENT_TARGET = 16.2;
				MTL_ENABLE_DEBUG_INFO = INCLUDE_SOURCE;
				MTL_FAST_MATH = YES;
				ONLY_ACTIVE_ARCH = YES;
				SDKROOT = iphoneos;
				SWIFT_ACTIVE_COMPILATION_CONDITIONS = DEBUG;
				SWIFT_OPTIMIZATION_LEVEL = "-Onone";
			};
			name = Debug;
		};
		C8D0B9322AB8D0CE00B64239 /* Release */ = {
			isa = XCBuildConfiguration;
			buildSettings = {
				ALWAYS_SEARCH_USER_PATHS = NO;
				CLANG_ANALYZER_NONNULL = YES;
				CLANG_ANALYZER_NUMBER_OBJECT_CONVERSION = YES_AGGRESSIVE;
				CLANG_CXX_LANGUAGE_STANDARD = "gnu++20";
				CLANG_ENABLE_MODULES = YES;
				CLANG_ENABLE_OBJC_ARC = YES;
				CLANG_ENABLE_OBJC_WEAK = YES;
				CLANG_WARN_BLOCK_CAPTURE_AUTORELEASING = YES;
				CLANG_WARN_BOOL_CONVERSION = YES;
				CLANG_WARN_COMMA = YES;
				CLANG_WARN_CONSTANT_CONVERSION = YES;
				CLANG_WARN_DEPRECATED_OBJC_IMPLEMENTATIONS = YES;
				CLANG_WARN_DIRECT_OBJC_ISA_USAGE = YES_ERROR;
				CLANG_WARN_DOCUMENTATION_COMMENTS = YES;
				CLANG_WARN_EMPTY_BODY = YES;
				CLANG_WARN_ENUM_CONVERSION = YES;
				CLANG_WARN_INFINITE_RECURSION = YES;
				CLANG_WARN_INT_CONVERSION = YES;
				CLANG_WARN_NON_LITERAL_NULL_CONVERSION = YES;
				CLANG_WARN_OBJC_IMPLICIT_RETAIN_SELF = YES;
				CLANG_WARN_OBJC_LITERAL_CONVERSION = YES;
				CLANG_WARN_OBJC_ROOT_CLASS = YES_ERROR;
				CLANG_WARN_QUOTED_INCLUDE_IN_FRAMEWORK_HEADER = YES;
				CLANG_WARN_RANGE_LOOP_ANALYSIS = YES;
				CLANG_WARN_STRICT_PROTOTYPES = YES;
				CLANG_WARN_SUSPICIOUS_MOVE = YES;
				CLANG_WARN_UNGUARDED_AVAILABILITY = YES_AGGRESSIVE;
				CLANG_WARN_UNREACHABLE_CODE = YES;
				CLANG_WARN__DUPLICATE_METHOD_MATCH = YES;
				COPY_PHASE_STRIP = NO;
				DEBUG_INFORMATION_FORMAT = "dwarf-with-dsym";
				ENABLE_NS_ASSERTIONS = NO;
				ENABLE_STRICT_OBJC_MSGSEND = YES;
				GCC_C_LANGUAGE_STANDARD = gnu11;
				GCC_NO_COMMON_BLOCKS = YES;
				GCC_WARN_64_TO_32_BIT_CONVERSION = YES;
				GCC_WARN_ABOUT_RETURN_TYPE = YES_ERROR;
				GCC_WARN_UNDECLARED_SELECTOR = YES;
				GCC_WARN_UNINITIALIZED_AUTOS = YES_AGGRESSIVE;
				GCC_WARN_UNUSED_FUNCTION = YES;
				GCC_WARN_UNUSED_VARIABLE = YES;
				IPHONEOS_DEPLOYMENT_TARGET = 16.2;
				MTL_ENABLE_DEBUG_INFO = NO;
				MTL_FAST_MATH = YES;
				SDKROOT = iphoneos;
				SWIFT_COMPILATION_MODE = wholemodule;
				SWIFT_OPTIMIZATION_LEVEL = "-O";
				VALIDATE_PRODUCT = YES;
			};
			name = Release;
		};
		C8D0B9342AB8D0CE00B64239 /* Debug */ = {
			isa = XCBuildConfiguration;
			buildSettings = {
				ASSETCATALOG_COMPILER_APPICON_NAME = AppIcon;
				ASSETCATALOG_COMPILER_GLOBAL_ACCENT_COLOR_NAME = AccentColor;
				CODE_SIGN_STYLE = Automatic;
				CURRENT_PROJECT_VERSION = 1;
				DEVELOPMENT_TEAM = CSWC9XBYFF;
				GENERATE_INFOPLIST_FILE = YES;
				INFOPLIST_FILE = MarketCryptoCoins/Info.plist;
				INFOPLIST_KEY_UIApplicationSupportsIndirectInputEvents = YES;
				INFOPLIST_KEY_UILaunchStoryboardName = LaunchScreen;
				INFOPLIST_KEY_UIMainStoryboardFile = Main;
				INFOPLIST_KEY_UISupportedInterfaceOrientations_iPad = "UIInterfaceOrientationPortrait UIInterfaceOrientationPortraitUpsideDown UIInterfaceOrientationLandscapeLeft UIInterfaceOrientationLandscapeRight";
				INFOPLIST_KEY_UISupportedInterfaceOrientations_iPhone = "UIInterfaceOrientationPortrait UIInterfaceOrientationLandscapeLeft UIInterfaceOrientationLandscapeRight";
				LD_RUNPATH_SEARCH_PATHS = (
					"$(inherited)",
					"@executable_path/Frameworks",
				);
				MARKETING_VERSION = 1.0;
				PRODUCT_BUNDLE_IDENTIFIER = com.adaltopicotti.vip.MarketCryptoCoins;
				PRODUCT_NAME = "$(TARGET_NAME)";
				SWIFT_EMIT_LOC_STRINGS = YES;
				SWIFT_VERSION = 5.0;
				TARGETED_DEVICE_FAMILY = "1,2";
			};
			name = Debug;
		};
		C8D0B9352AB8D0CE00B64239 /* Release */ = {
			isa = XCBuildConfiguration;
			buildSettings = {
				ASSETCATALOG_COMPILER_APPICON_NAME = AppIcon;
				ASSETCATALOG_COMPILER_GLOBAL_ACCENT_COLOR_NAME = AccentColor;
				CODE_SIGN_STYLE = Automatic;
				CURRENT_PROJECT_VERSION = 1;
				DEVELOPMENT_TEAM = CSWC9XBYFF;
				GENERATE_INFOPLIST_FILE = YES;
				INFOPLIST_FILE = MarketCryptoCoins/Info.plist;
				INFOPLIST_KEY_UIApplicationSupportsIndirectInputEvents = YES;
				INFOPLIST_KEY_UILaunchStoryboardName = LaunchScreen;
				INFOPLIST_KEY_UIMainStoryboardFile = Main;
				INFOPLIST_KEY_UISupportedInterfaceOrientations_iPad = "UIInterfaceOrientationPortrait UIInterfaceOrientationPortraitUpsideDown UIInterfaceOrientationLandscapeLeft UIInterfaceOrientationLandscapeRight";
				INFOPLIST_KEY_UISupportedInterfaceOrientations_iPhone = "UIInterfaceOrientationPortrait UIInterfaceOrientationLandscapeLeft UIInterfaceOrientationLandscapeRight";
				LD_RUNPATH_SEARCH_PATHS = (
					"$(inherited)",
					"@executable_path/Frameworks",
				);
				MARKETING_VERSION = 1.0;
				PRODUCT_BUNDLE_IDENTIFIER = com.adaltopicotti.vip.MarketCryptoCoins;
				PRODUCT_NAME = "$(TARGET_NAME)";
				SWIFT_EMIT_LOC_STRINGS = YES;
				SWIFT_VERSION = 5.0;
				TARGETED_DEVICE_FAMILY = "1,2";
			};
			name = Release;
		};
/* End XCBuildConfiguration section */

/* Begin XCConfigurationList section */
		C8D0B91A2AB8D0CA00B64239 /* Build configuration list for PBXProject "MarketCryptoCoins" */ = {
			isa = XCConfigurationList;
			buildConfigurations = (
				C8D0B9312AB8D0CE00B64239 /* Debug */,
				C8D0B9322AB8D0CE00B64239 /* Release */,
			);
			defaultConfigurationIsVisible = 0;
			defaultConfigurationName = Release;
		};
		C8D0B9332AB8D0CE00B64239 /* Build configuration list for PBXNativeTarget "MarketCryptoCoins" */ = {
			isa = XCConfigurationList;
			buildConfigurations = (
				C8D0B9342AB8D0CE00B64239 /* Debug */,
				C8D0B9352AB8D0CE00B64239 /* Release */,
			);
			defaultConfigurationIsVisible = 0;
			defaultConfigurationName = Release;
		};
/* End XCConfigurationList section */
	};
	rootObject = C8D0B9172AB8D0CA00B64239 /* Project object */;
}
